
Microsoft Visual Studio Solution File, Format Version 12.00
# Visual Studio Version 17
VisualStudioVersion = 17.8.34322.80
MinimumVisualStudioVersion = 10.0.40219.1
Project("{9A19103F-16F7-4668-BE54-9A1E7A4F7556}") = "Middleware.WebAPI", "Middleware.WebAPI\Middleware.WebAPI.csproj", "{5D52C86E-1AC6-4A41-8935-D935202F416D}"
EndProject
Project("{FAE04EC0-301F-11D3-BF4B-00C04F79EFBC}") = "Middleware.Infra", "Middleware.Infra\Middleware.Infra.csproj", "{96302702-528C-48E9-B175-D49EAF6B37E6}"
EndProject
Project("{FAE04EC0-301F-11D3-BF4B-00C04F79EFBC}") = "Middleware.Application", "Middleware.Application\Middleware.Application.csproj", "{00278D61-AFCD-4E16-90C4-E3733E24556A}"
EndProject
Project("{FAE04EC0-301F-11D3-BF4B-00C04F79EFBC}") = "Middleware.Domain", "Middleware.Domain\Middleware.Domain.csproj", "{F58A5ECA-DE14-4F52-9BA7-245B80B8DFE5}"
EndProject
Global
	GlobalSection(SolutionConfigurationPlatforms) = preSolution
		Debug|Any CPU = Debug|Any CPU
		Release|Any CPU = Release|Any CPU
	EndGlobalSection
	GlobalSection(ProjectConfigurationPlatforms) = postSolution
		{5D52C86E-1AC6-4A41-8935-D935202F416D}.Debug|Any CPU.ActiveCfg = Debug|Any CPU
		{5D52C86E-1AC6-4A41-8935-D935202F416D}.Debug|Any CPU.Build.0 = Debug|Any CPU
		{5D52C86E-1AC6-4A41-8935-D935202F416D}.Release|Any CPU.ActiveCfg = Release|Any CPU
		{5D52C86E-1AC6-4A41-8935-D935202F416D}.Release|Any CPU.Build.0 = Release|Any CPU
		{96302702-528C-48E9-B175-D49EAF6B37E6}.Debug|Any CPU.ActiveCfg = Debug|Any CPU
		{96302702-528C-48E9-B175-D49EAF6B37E6}.Debug|Any CPU.Build.0 = Debug|Any CPU
		{96302702-528C-48E9-B175-D49EAF6B37E6}.Release|Any CPU.ActiveCfg = Release|Any CPU
		{96302702-528C-48E9-B175-D49EAF6B37E6}.Release|Any CPU.Build.0 = Release|Any CPU
		{00278D61-AFCD-4E16-90C4-E3733E24556A}.Debug|Any CPU.ActiveCfg = Debug|Any CPU
		{00278D61-AFCD-4E16-90C4-E3733E24556A}.Debug|Any CPU.Build.0 = Debug|Any CPU
		{00278D61-AFCD-4E16-90C4-E3733E24556A}.Release|Any CPU.ActiveCfg = Release|Any CPU
		{00278D61-AFCD-4E16-90C4-E3733E24556A}.Release|Any CPU.Build.0 = Release|Any CPU
		{F58A5ECA-DE14-4F52-9BA7-245B80B8DFE5}.Debug|Any CPU.ActiveCfg = Debug|Any CPU
		{F58A5ECA-DE14-4F52-9BA7-245B80B8DFE5}.Debug|Any CPU.Build.0 = Debug|Any CPU
		{F58A5ECA-DE14-4F52-9BA7-245B80B8DFE5}.Release|Any CPU.ActiveCfg = Release|Any CPU
		{F58A5ECA-DE14-4F52-9BA7-245B80B8DFE5}.Release|Any CPU.Build.0 = Release|Any CPU
	EndGlobalSection
	GlobalSection(SolutionProperties) = preSolution
		HideSolutionNode = FALSE
	EndGlobalSection
	GlobalSection(ExtensibilityGlobals) = postSolution
		SolutionGuid = {F9FD7BA1-6DEB-4599-A6B6-F0205A37D0D8}
	EndGlobalSection
EndGlobal
